// !$*UTF8*$!
{
	archiveVersion = 1;
	classes = {
	};
	objectVersion = 46;
	objects = {

/* Begin PBXBuildFile section */
		B018723118D128B2002AE502 /* Foundation.framework in Frameworks */ = {isa = PBXBuildFile; fileRef = B018723018D128B2002AE502 /* Foundation.framework */; };
		B018723318D128B2002AE502 /* CoreGraphics.framework in Frameworks */ = {isa = PBXBuildFile; fileRef = B018723218D128B2002AE502 /* CoreGraphics.framework */; };
		B018723518D128B2002AE502 /* UIKit.framework in Frameworks */ = {isa = PBXBuildFile; fileRef = B018723418D128B2002AE502 /* UIKit.framework */; };
		B018723B18D128B2002AE502 /* InfoPlist.strings in Resources */ = {isa = PBXBuildFile; fileRef = B018723918D128B2002AE502 /* InfoPlist.strings */; };
		B018723D18D128B2002AE502 /* main.m in Sources */ = {isa = PBXBuildFile; fileRef = B018723C18D128B2002AE502 /* main.m */; };
		B018724118D128B2002AE502 /* AppDelegate.m in Sources */ = {isa = PBXBuildFile; fileRef = B018724018D128B2002AE502 /* AppDelegate.m */; };
		B018724418D128B2002AE502 /* Main.storyboard in Resources */ = {isa = PBXBuildFile; fileRef = B018724218D128B2002AE502 /* Main.storyboard */; };
		B018724718D128B2002AE502 /* AlertViewController.m in Sources */ = {isa = PBXBuildFile; fileRef = B018724618D128B2002AE502 /* AlertViewController.m */; };
		B018724A18D128B2002AE502 /* TextViewController.m in Sources */ = {isa = PBXBuildFile; fileRef = B018724918D128B2002AE502 /* TextViewController.m */; };
		B018724C18D128B2002AE502 /* Images.xcassets in Resources */ = {isa = PBXBuildFile; fileRef = B018724B18D128B2002AE502 /* Images.xcassets */; };
		B018725318D128B2002AE502 /* XCTest.framework in Frameworks */ = {isa = PBXBuildFile; fileRef = B018725218D128B2002AE502 /* XCTest.framework */; };
		B018725418D128B3002AE502 /* Foundation.framework in Frameworks */ = {isa = PBXBuildFile; fileRef = B018723018D128B2002AE502 /* Foundation.framework */; };
		B018725518D128B3002AE502 /* UIKit.framework in Frameworks */ = {isa = PBXBuildFile; fileRef = B018723418D128B2002AE502 /* UIKit.framework */; };
		B018725D18D128B3002AE502 /* InfoPlist.strings in Resources */ = {isa = PBXBuildFile; fileRef = B018725B18D128B3002AE502 /* InfoPlist.strings */; };
		B018725F18D128B3002AE502 /* PAFinalTests.m in Sources */ = {isa = PBXBuildFile; fileRef = B018725E18D128B3002AE502 /* PAFinalTests.m */; };
		B018726D18D129E5002AE502 /* MultimediaViewController.m in Sources */ = {isa = PBXBuildFile; fileRef = B018726C18D129E5002AE502 /* MultimediaViewController.m */; };
		B018727018D12A07002AE502 /* WebServiceViewController.m in Sources */ = {isa = PBXBuildFile; fileRef = B018726F18D12A07002AE502 /* WebServiceViewController.m */; };
		B018727318D12A20002AE502 /* AboutViewController.m in Sources */ = {isa = PBXBuildFile; fileRef = B018727218D12A20002AE502 /* AboutViewController.m */; };
		B018727518D1525C002AE502 /* GuybrushMonkeyIslandAnimatedPirateSwordfight.gif in Resources */ = {isa = PBXBuildFile; fileRef = B018727418D1525C002AE502 /* GuybrushMonkeyIslandAnimatedPirateSwordfight.gif */; };
		B018727818D15707002AE502 /* 20th_hq.mp3 in Resources */ = {isa = PBXBuildFile; fileRef = B018727618D15707002AE502 /* 20th_hq.mp3 */; };
		B018727918D15707002AE502 /* black_bear_fishing.mp4 in Resources */ = {isa = PBXBuildFile; fileRef = B018727718D15707002AE502 /* black_bear_fishing.mp4 */; };
		B018727B18D1572F002AE502 /* AVFoundation.framework in Frameworks */ = {isa = PBXBuildFile; fileRef = B018727A18D1572F002AE502 /* AVFoundation.framework */; };
		B018727D18D15742002AE502 /* MediaPlayer.framework in Frameworks */ = {isa = PBXBuildFile; fileRef = B018727C18D15742002AE502 /* MediaPlayer.framework */; };
		B03FFA0618D2D5D000D571C4 /* gold_button.png in Resources */ = {isa = PBXBuildFile; fileRef = B03FFA0518D2D5D000D571C4 /* gold_button.png */; };
		B03FFA0C18D2D9DB00D571C4 /* agt_web.png in Resources */ = {isa = PBXBuildFile; fileRef = B03FFA0B18D2D9DB00D571C4 /* agt_web.png */; };
		B03FFA0E18D2DAAD00D571C4 /* symbol_error.png in Resources */ = {isa = PBXBuildFile; fileRef = B03FFA0D18D2DAAD00D571C4 /* symbol_error.png */; };
		B03FFA1018D2DB1D00D571C4 /* multimedia_player_apple_ipod.png in Resources */ = {isa = PBXBuildFile; fileRef = B03FFA0F18D2DB1D00D571C4 /* multimedia_player_apple_ipod.png */; };
		B03FFA1218D2DBC700D571C4 /* 27_edit_text.png in Resources */ = {isa = PBXBuildFile; fileRef = B03FFA1118D2DBC700D571C4 /* 27_edit_text.png */; };
		B03FFA1418D2DC6C00D571C4 /* info_box_blue.png in Resources */ = {isa = PBXBuildFile; fileRef = B03FFA1318D2DC6C00D571C4 /* info_box_blue.png */; };
/* End PBXBuildFile section */

/* Begin PBXContainerItemProxy section */
		B018725618D128B3002AE502 /* PBXContainerItemProxy */ = {
			isa = PBXContainerItemProxy;
			containerPortal = B018722518D128B2002AE502 /* Project object */;
			proxyType = 1;
			remoteGlobalIDString = B018722C18D128B2002AE502;
			remoteInfo = PAFinal;
		};
/* End PBXContainerItemProxy section */

/* Begin PBXFileReference section */
		B018722D18D128B2002AE502 /* PAFinal.app */ = {isa = PBXFileReference; explicitFileType = wrapper.application; includeInIndex = 0; path = PAFinal.app; sourceTree = BUILT_PRODUCTS_DIR; };
		B018723018D128B2002AE502 /* Foundation.framework */ = {isa = PBXFileReference; lastKnownFileType = wrapper.framework; name = Foundation.framework; path = System/Library/Frameworks/Foundation.framework; sourceTree = SDKROOT; };
		B018723218D128B2002AE502 /* CoreGraphics.framework */ = {isa = PBXFileReference; lastKnownFileType = wrapper.framework; name = CoreGraphics.framework; path = System/Library/Frameworks/CoreGraphics.framework; sourceTree = SDKROOT; };
		B018723418D128B2002AE502 /* UIKit.framework */ = {isa = PBXFileReference; lastKnownFileType = wrapper.framework; name = UIKit.framework; path = System/Library/Frameworks/UIKit.framework; sourceTree = SDKROOT; };
		B018723818D128B2002AE502 /* PAFinal-Info.plist */ = {isa = PBXFileReference; lastKnownFileType = text.plist.xml; path = "PAFinal-Info.plist"; sourceTree = "<group>"; };
		B018723A18D128B2002AE502 /* en */ = {isa = PBXFileReference; lastKnownFileType = text.plist.strings; name = en; path = en.lproj/InfoPlist.strings; sourceTree = "<group>"; };
		B018723C18D128B2002AE502 /* main.m */ = {isa = PBXFileReference; lastKnownFileType = sourcecode.c.objc; path = main.m; sourceTree = "<group>"; };
		B018723E18D128B2002AE502 /* PAFinal-Prefix.pch */ = {isa = PBXFileReference; lastKnownFileType = sourcecode.c.h; path = "PAFinal-Prefix.pch"; sourceTree = "<group>"; };
		B018723F18D128B2002AE502 /* AppDelegate.h */ = {isa = PBXFileReference; lastKnownFileType = sourcecode.c.h; path = AppDelegate.h; sourceTree = "<group>"; };
		B018724018D128B2002AE502 /* AppDelegate.m */ = {isa = PBXFileReference; lastKnownFileType = sourcecode.c.objc; path = AppDelegate.m; sourceTree = "<group>"; };
		B018724318D128B2002AE502 /* Base */ = {isa = PBXFileReference; lastKnownFileType = file.storyboard; name = Base; path = Base.lproj/Main.storyboard; sourceTree = "<group>"; };
		B018724518D128B2002AE502 /* AlertViewController.h */ = {isa = PBXFileReference; lastKnownFileType = sourcecode.c.h; path = AlertViewController.h; sourceTree = "<group>"; };
		B018724618D128B2002AE502 /* AlertViewController.m */ = {isa = PBXFileReference; lastKnownFileType = sourcecode.c.objc; path = AlertViewController.m; sourceTree = "<group>"; };
		B018724818D128B2002AE502 /* TextViewController.h */ = {isa = PBXFileReference; lastKnownFileType = sourcecode.c.h; path = TextViewController.h; sourceTree = "<group>"; };
		B018724918D128B2002AE502 /* TextViewController.m */ = {isa = PBXFileReference; lastKnownFileType = sourcecode.c.objc; path = TextViewController.m; sourceTree = "<group>"; };
		B018724B18D128B2002AE502 /* Images.xcassets */ = {isa = PBXFileReference; lastKnownFileType = folder.assetcatalog; path = Images.xcassets; sourceTree = "<group>"; };
		B018725118D128B2002AE502 /* PAFinalTests.xctest */ = {isa = PBXFileReference; explicitFileType = wrapper.cfbundle; includeInIndex = 0; path = PAFinalTests.xctest; sourceTree = BUILT_PRODUCTS_DIR; };
		B018725218D128B2002AE502 /* XCTest.framework */ = {isa = PBXFileReference; lastKnownFileType = wrapper.framework; name = XCTest.framework; path = Library/Frameworks/XCTest.framework; sourceTree = DEVELOPER_DIR; };
		B018725A18D128B3002AE502 /* PAFinalTests-Info.plist */ = {isa = PBXFileReference; lastKnownFileType = text.plist.xml; path = "PAFinalTests-Info.plist"; sourceTree = "<group>"; };
		B018725C18D128B3002AE502 /* en */ = {isa = PBXFileReference; lastKnownFileType = text.plist.strings; name = en; path = en.lproj/InfoPlist.strings; sourceTree = "<group>"; };
		B018725E18D128B3002AE502 /* PAFinalTests.m */ = {isa = PBXFileReference; lastKnownFileType = sourcecode.c.objc; path = PAFinalTests.m; sourceTree = "<group>"; };
		B018726B18D129E5002AE502 /* MultimediaViewController.h */ = {isa = PBXFileReference; fileEncoding = 4; lastKnownFileType = sourcecode.c.h; path = MultimediaViewController.h; sourceTree = "<group>"; };
		B018726C18D129E5002AE502 /* MultimediaViewController.m */ = {isa = PBXFileReference; fileEncoding = 4; lastKnownFileType = sourcecode.c.objc; path = MultimediaViewController.m; sourceTree = "<group>"; };
		B018726E18D12A07002AE502 /* WebServiceViewController.h */ = {isa = PBXFileReference; fileEncoding = 4; lastKnownFileType = sourcecode.c.h; path = WebServiceViewController.h; sourceTree = "<group>"; };
		B018726F18D12A07002AE502 /* WebServiceViewController.m */ = {isa = PBXFileReference; fileEncoding = 4; lastKnownFileType = sourcecode.c.objc; path = WebServiceViewController.m; sourceTree = "<group>"; };
		B018727118D12A20002AE502 /* AboutViewController.h */ = {isa = PBXFileReference; fileEncoding = 4; lastKnownFileType = sourcecode.c.h; path = AboutViewController.h; sourceTree = "<group>"; };
		B018727218D12A20002AE502 /* AboutViewController.m */ = {isa = PBXFileReference; fileEncoding = 4; lastKnownFileType = sourcecode.c.objc; path = AboutViewController.m; sourceTree = "<group>"; };
		B018727418D1525C002AE502 /* GuybrushMonkeyIslandAnimatedPirateSwordfight.gif */ = {isa = PBXFileReference; lastKnownFileType = image.gif; path = GuybrushMonkeyIslandAnimatedPirateSwordfight.gif; sourceTree = "<group>"; };
		B018727618D15707002AE502 /* 20th_hq.mp3 */ = {isa = PBXFileReference; lastKnownFileType = audio.mp3; path = 20th_hq.mp3; sourceTree = "<group>"; };
		B018727718D15707002AE502 /* black_bear_fishing.mp4 */ = {isa = PBXFileReference; lastKnownFileType = file; path = black_bear_fishing.mp4; sourceTree = "<group>"; };
		B018727A18D1572F002AE502 /* AVFoundation.framework */ = {isa = PBXFileReference; lastKnownFileType = wrapper.framework; name = AVFoundation.framework; path = System/Library/Frameworks/AVFoundation.framework; sourceTree = SDKROOT; };
		B018727C18D15742002AE502 /* MediaPlayer.framework */ = {isa = PBXFileReference; lastKnownFileType = wrapper.framework; name = MediaPlayer.framework; path = System/Library/Frameworks/MediaPlayer.framework; sourceTree = SDKROOT; };
		B03FFA0518D2D5D000D571C4 /* gold_button.png */ = {isa = PBXFileReference; lastKnownFileType = image.png; path = gold_button.png; sourceTree = "<group>"; };
		B03FFA0B18D2D9DB00D571C4 /* agt_web.png */ = {isa = PBXFileReference; lastKnownFileType = image.png; path = agt_web.png; sourceTree = "<group>"; };
		B03FFA0D18D2DAAD00D571C4 /* symbol_error.png */ = {isa = PBXFileReference; lastKnownFileType = image.png; path = symbol_error.png; sourceTree = "<group>"; };
		B03FFA0F18D2DB1D00D571C4 /* multimedia_player_apple_ipod.png */ = {isa = PBXFileReference; lastKnownFileType = image.png; path = multimedia_player_apple_ipod.png; sourceTree = "<group>"; };
		B03FFA1118D2DBC700D571C4 /* 27_edit_text.png */ = {isa = PBXFileReference; lastKnownFileType = image.png; path = 27_edit_text.png; sourceTree = "<group>"; };
		B03FFA1318D2DC6C00D571C4 /* info_box_blue.png */ = {isa = PBXFileReference; lastKnownFileType = image.png; path = info_box_blue.png; sourceTree = "<group>"; };
/* End PBXFileReference section */

/* Begin PBXFrameworksBuildPhase section */
		B018722A18D128B2002AE502 /* Frameworks */ = {
			isa = PBXFrameworksBuildPhase;
			buildActionMask = 2147483647;
			files = (
				B018727D18D15742002AE502 /* MediaPlayer.framework in Frameworks */,
				B018727B18D1572F002AE502 /* AVFoundation.framework in Frameworks */,
				B018723318D128B2002AE502 /* CoreGraphics.framework in Frameworks */,
				B018723518D128B2002AE502 /* UIKit.framework in Frameworks */,
				B018723118D128B2002AE502 /* Foundation.framework in Frameworks */,
			);
			runOnlyForDeploymentPostprocessing = 0;
		};
		B018724E18D128B2002AE502 /* Frameworks */ = {
			isa = PBXFrameworksBuildPhase;
			buildActionMask = 2147483647;
			files = (
				B018725318D128B2002AE502 /* XCTest.framework in Frameworks */,
				B018725518D128B3002AE502 /* UIKit.framework in Frameworks */,
				B018725418D128B3002AE502 /* Foundation.framework in Frameworks */,
			);
			runOnlyForDeploymentPostprocessing = 0;
		};
/* End PBXFrameworksBuildPhase section */

/* Begin PBXGroup section */
		B018722418D128B2002AE502 = {
			isa = PBXGroup;
			children = (
				B018723618D128B2002AE502 /* PAFinal */,
				B018725818D128B3002AE502 /* PAFinalTests */,
				B018722F18D128B2002AE502 /* Frameworks */,
				B018722E18D128B2002AE502 /* Products */,
			);
			sourceTree = "<group>";
		};
		B018722E18D128B2002AE502 /* Products */ = {
			isa = PBXGroup;
			children = (
				B018722D18D128B2002AE502 /* PAFinal.app */,
				B018725118D128B2002AE502 /* PAFinalTests.xctest */,
			);
			name = Products;
			sourceTree = "<group>";
		};
		B018722F18D128B2002AE502 /* Frameworks */ = {
			isa = PBXGroup;
			children = (
				B018727C18D15742002AE502 /* MediaPlayer.framework */,
				B018727A18D1572F002AE502 /* AVFoundation.framework */,
				B018723018D128B2002AE502 /* Foundation.framework */,
				B018723218D128B2002AE502 /* CoreGraphics.framework */,
				B018723418D128B2002AE502 /* UIKit.framework */,
				B018725218D128B2002AE502 /* XCTest.framework */,
			);
			name = Frameworks;
			sourceTree = "<group>";
		};
		B018723618D128B2002AE502 /* PAFinal */ = {
			isa = PBXGroup;
			children = (
				B03FFA1318D2DC6C00D571C4 /* info_box_blue.png */,
				B03FFA1118D2DBC700D571C4 /* 27_edit_text.png */,
				B03FFA0F18D2DB1D00D571C4 /* multimedia_player_apple_ipod.png */,
				B03FFA0D18D2DAAD00D571C4 /* symbol_error.png */,
				B03FFA0B18D2D9DB00D571C4 /* agt_web.png */,
				B03FFA0518D2D5D000D571C4 /* gold_button.png */,
				B018727418D1525C002AE502 /* GuybrushMonkeyIslandAnimatedPirateSwordfight.gif */,
				B018727618D15707002AE502 /* 20th_hq.mp3 */,
				B018727718D15707002AE502 /* black_bear_fishing.mp4 */,
				B018723F18D128B2002AE502 /* AppDelegate.h */,
				B018724018D128B2002AE502 /* AppDelegate.m */,
				B018724218D128B2002AE502 /* Main.storyboard */,
				B018724518D128B2002AE502 /* AlertViewController.h */,
				B018724618D128B2002AE502 /* AlertViewController.m */,
				B018724818D128B2002AE502 /* TextViewController.h */,
				B018724918D128B2002AE502 /* TextViewController.m */,
				B018724B18D128B2002AE502 /* Images.xcassets */,
				B018723718D128B2002AE502 /* Supporting Files */,
				B018726B18D129E5002AE502 /* MultimediaViewController.h */,
				B018726C18D129E5002AE502 /* MultimediaViewController.m */,
				B018726E18D12A07002AE502 /* WebServiceViewController.h */,
				B018726F18D12A07002AE502 /* WebServiceViewController.m */,
				B018727118D12A20002AE502 /* AboutViewController.h */,
				B018727218D12A20002AE502 /* AboutViewController.m */,
			);
			path = PAFinal;
			sourceTree = "<group>";
		};
		B018723718D128B2002AE502 /* Supporting Files */ = {
			isa = PBXGroup;
			children = (
				B018723818D128B2002AE502 /* PAFinal-Info.plist */,
				B018723918D128B2002AE502 /* InfoPlist.strings */,
				B018723C18D128B2002AE502 /* main.m */,
				B018723E18D128B2002AE502 /* PAFinal-Prefix.pch */,
			);
			name = "Supporting Files";
			sourceTree = "<group>";
		};
		B018725818D128B3002AE502 /* PAFinalTests */ = {
			isa = PBXGroup;
			children = (
				B018725E18D128B3002AE502 /* PAFinalTests.m */,
				B018725918D128B3002AE502 /* Supporting Files */,
			);
			path = PAFinalTests;
			sourceTree = "<group>";
		};
		B018725918D128B3002AE502 /* Supporting Files */ = {
			isa = PBXGroup;
			children = (
				B018725A18D128B3002AE502 /* PAFinalTests-Info.plist */,
				B018725B18D128B3002AE502 /* InfoPlist.strings */,
			);
			name = "Supporting Files";
			sourceTree = "<group>";
		};
/* End PBXGroup section */

/* Begin PBXNativeTarget section */
		B018722C18D128B2002AE502 /* PAFinal */ = {
			isa = PBXNativeTarget;
			buildConfigurationList = B018726218D128B3002AE502 /* Build configuration list for PBXNativeTarget "PAFinal" */;
			buildPhases = (
				B018722918D128B2002AE502 /* Sources */,
				B018722A18D128B2002AE502 /* Frameworks */,
				B018722B18D128B2002AE502 /* Resources */,
			);
			buildRules = (
			);
			dependencies = (
			);
			name = PAFinal;
			productName = PAFinal;
			productReference = B018722D18D128B2002AE502 /* PAFinal.app */;
			productType = "com.apple.product-type.application";
		};
		B018725018D128B2002AE502 /* PAFinalTests */ = {
			isa = PBXNativeTarget;
			buildConfigurationList = B018726518D128B3002AE502 /* Build configuration list for PBXNativeTarget "PAFinalTests" */;
			buildPhases = (
				B018724D18D128B2002AE502 /* Sources */,
				B018724E18D128B2002AE502 /* Frameworks */,
				B018724F18D128B2002AE502 /* Resources */,
			);
			buildRules = (
			);
			dependencies = (
				B018725718D128B3002AE502 /* PBXTargetDependency */,
			);
			name = PAFinalTests;
			productName = PAFinalTests;
			productReference = B018725118D128B2002AE502 /* PAFinalTests.xctest */;
			productType = "com.apple.product-type.bundle.unit-test";
		};
/* End PBXNativeTarget section */

/* Begin PBXProject section */
		B018722518D128B2002AE502 /* Project object */ = {
			isa = PBXProject;
			attributes = {
				LastUpgradeCheck = 0510;
				ORGANIZATIONNAME = "STANLEY CALIXTE";
				TargetAttributes = {
					B018725018D128B2002AE502 = {
						TestTargetID = B018722C18D128B2002AE502;
					};
				};
			};
			buildConfigurationList = B018722818D128B2002AE502 /* Build configuration list for PBXProject "PAFinal" */;
			compatibilityVersion = "Xcode 3.2";
			developmentRegion = English;
			hasScannedForEncodings = 0;
			knownRegions = (
				en,
				Base,
			);
			mainGroup = B018722418D128B2002AE502;
			productRefGroup = B018722E18D128B2002AE502 /* Products */;
			projectDirPath = "";
			projectRoot = "";
			targets = (
				B018722C18D128B2002AE502 /* PAFinal */,
				B018725018D128B2002AE502 /* PAFinalTests */,
			);
		};
/* End PBXProject section */

/* Begin PBXResourcesBuildPhase section */
		B018722B18D128B2002AE502 /* Resources */ = {
			isa = PBXResourcesBuildPhase;
			buildActionMask = 2147483647;
			files = (
				B03FFA1018D2DB1D00D571C4 /* multimedia_player_apple_ipod.png in Resources */,
				B03FFA0E18D2DAAD00D571C4 /* symbol_error.png in Resources */,
				B018727918D15707002AE502 /* black_bear_fishing.mp4 in Resources */,
				B03FFA1418D2DC6C00D571C4 /* info_box_blue.png in Resources */,
				B03FFA1218D2DBC700D571C4 /* 27_edit_text.png in Resources */,
				B018727518D1525C002AE502 /* GuybrushMonkeyIslandAnimatedPirateSwordfight.gif in Resources */,
				B018727818D15707002AE502 /* 20th_hq.mp3 in Resources */,
				B03FFA0618D2D5D000D571C4 /* gold_button.png in Resources */,
				B03FFA0C18D2D9DB00D571C4 /* agt_web.png in Resources */,
				B018724C18D128B2002AE502 /* Images.xcassets in Resources */,
				B018723B18D128B2002AE502 /* InfoPlist.strings in Resources */,
				B018724418D128B2002AE502 /* Main.storyboard in Resources */,
			);
			runOnlyForDeploymentPostprocessing = 0;
		};
		B018724F18D128B2002AE502 /* Resources */ = {
			isa = PBXResourcesBuildPhase;
			buildActionMask = 2147483647;
			files = (
				B018725D18D128B3002AE502 /* InfoPlist.strings in Resources */,
			);
			runOnlyForDeploymentPostprocessing = 0;
		};
/* End PBXResourcesBuildPhase section */

/* Begin PBXSourcesBuildPhase section */
		B018722918D128B2002AE502 /* Sources */ = {
			isa = PBXSourcesBuildPhase;
			buildActionMask = 2147483647;
			files = (
				B018726D18D129E5002AE502 /* MultimediaViewController.m in Sources */,
				B018727018D12A07002AE502 /* WebServiceViewController.m in Sources */,
				B018724A18D128B2002AE502 /* TextViewController.m in Sources */,
				B018727318D12A20002AE502 /* AboutViewController.m in Sources */,
				B018724118D128B2002AE502 /* AppDelegate.m in Sources */,
				B018724718D128B2002AE502 /* AlertViewController.m in Sources */,
				B018723D18D128B2002AE502 /* main.m in Sources */,
			);
			runOnlyForDeploymentPostprocessing = 0;
		};
		B018724D18D128B2002AE502 /* Sources */ = {
			isa = PBXSourcesBuildPhase;
			buildActionMask = 2147483647;
			files = (
				B018725F18D128B3002AE502 /* PAFinalTests.m in Sources */,
			);
			runOnlyForDeploymentPostprocessing = 0;
		};
/* End PBXSourcesBuildPhase section */

/* Begin PBXTargetDependency section */
		B018725718D128B3002AE502 /* PBXTargetDependency */ = {
			isa = PBXTargetDependency;
			target = B018722C18D128B2002AE502 /* PAFinal */;
			targetProxy = B018725618D128B3002AE502 /* PBXContainerItemProxy */;
		};
/* End PBXTargetDependency section */

/* Begin PBXVariantGroup section */
		B018723918D128B2002AE502 /* InfoPlist.strings */ = {
			isa = PBXVariantGroup;
			children = (
				B018723A18D128B2002AE502 /* en */,
			);
			name = InfoPlist.strings;
			sourceTree = "<group>";
		};
		B018724218D128B2002AE502 /* Main.storyboard */ = {
			isa = PBXVariantGroup;
			children = (
				B018724318D128B2002AE502 /* Base */,
			);
			name = Main.storyboard;
			sourceTree = "<group>";
		};
		B018725B18D128B3002AE502 /* InfoPlist.strings */ = {
			isa = PBXVariantGroup;
			children = (
				B018725C18D128B3002AE502 /* en */,
			);
			name = InfoPlist.strings;
			sourceTree = "<group>";
		};
/* End PBXVariantGroup section */

/* Begin XCBuildConfiguration section */
		B018726018D128B3002AE502 /* Debug */ = {
			isa = XCBuildConfiguration;
			buildSettings = {
				ALWAYS_SEARCH_USER_PATHS = NO;
				CLANG_CXX_LANGUAGE_STANDARD = "gnu++0x";
				CLANG_CXX_LIBRARY = "libc++";
				CLANG_ENABLE_MODULES = YES;
				CLANG_ENABLE_OBJC_ARC = YES;
				CLANG_WARN_BOOL_CONVERSION = YES;
				CLANG_WARN_CONSTANT_CONVERSION = YES;
				CLANG_WARN_DIRECT_OBJC_ISA_USAGE = YES_ERROR;
				CLANG_WARN_EMPTY_BODY = YES;
				CLANG_WARN_ENUM_CONVERSION = YES;
				CLANG_WARN_INT_CONVERSION = YES;
				CLANG_WARN_OBJC_ROOT_CLASS = YES_ERROR;
				CLANG_WARN__DUPLICATE_METHOD_MATCH = YES;
				"CODE_SIGN_IDENTITY[sdk=iphoneos*]" = "iPhone Developer";
				COPY_PHASE_STRIP = NO;
				GCC_C_LANGUAGE_STANDARD = gnu99;
				GCC_DYNAMIC_NO_PIC = NO;
				GCC_OPTIMIZATION_LEVEL = 0;
				GCC_PREPROCESSOR_DEFINITIONS = (
					"DEBUG=1",
					"$(inherited)",
				);
				GCC_SYMBOLS_PRIVATE_EXTERN = NO;
				GCC_WARN_64_TO_32_BIT_CONVERSION = YES;
				GCC_WARN_ABOUT_RETURN_TYPE = YES_ERROR;
				GCC_WARN_UNDECLARED_SELECTOR = YES;
				GCC_WARN_UNINITIALIZED_AUTOS = YES_AGGRESSIVE;
				GCC_WARN_UNUSED_FUNCTION = YES;
				GCC_WARN_UNUSED_VARIABLE = YES;
				IPHONEOS_DEPLOYMENT_TARGET = 7.1;
				ONLY_ACTIVE_ARCH = YES;
				SDKROOT = iphoneos;
			};
			name = Debug;
		};
		B018726118D128B3002AE502 /* Release */ = {
			isa = XCBuildConfiguration;
			buildSettings = {
				ALWAYS_SEARCH_USER_PATHS = NO;
				CLANG_CXX_LANGUAGE_STANDARD = "gnu++0x";
				CLANG_CXX_LIBRARY = "libc++";
				CLANG_ENABLE_MODULES = YES;
				CLANG_ENABLE_OBJC_ARC = YES;
				CLANG_WARN_BOOL_CONVERSION = YES;
				CLANG_WARN_CONSTANT_CONVERSION = YES;
				CLANG_WARN_DIRECT_OBJC_ISA_USAGE = YES_ERROR;
				CLANG_WARN_EMPTY_BODY = YES;
				CLANG_WARN_ENUM_CONVERSION = YES;
				CLANG_WARN_INT_CONVERSION = YES;
				CLANG_WARN_OBJC_ROOT_CLASS = YES_ERROR;
				CLANG_WARN__DUPLICATE_METHOD_MATCH = YES;
				"CODE_SIGN_IDENTITY[sdk=iphoneos*]" = "iPhone Developer";
				COPY_PHASE_STRIP = YES;
				ENABLE_NS_ASSERTIONS = NO;
				GCC_C_LANGUAGE_STANDARD = gnu99;
				GCC_WARN_64_TO_32_BIT_CONVERSION = YES;
				GCC_WARN_ABOUT_RETURN_TYPE = YES_ERROR;
				GCC_WARN_UNDECLARED_SELECTOR = YES;
				GCC_WARN_UNINITIALIZED_AUTOS = YES_AGGRESSIVE;
				GCC_WARN_UNUSED_FUNCTION = YES;
				GCC_WARN_UNUSED_VARIABLE = YES;
				IPHONEOS_DEPLOYMENT_TARGET = 7.1;
				SDKROOT = iphoneos;
				VALIDATE_PRODUCT = YES;
			};
			name = Release;
		};
		B018726318D128B3002AE502 /* Debug */ = {
			isa = XCBuildConfiguration;
			buildSettings = {
				ASSETCATALOG_COMPILER_APPICON_NAME = AppIcon;
				ASSETCATALOG_COMPILER_LAUNCHIMAGE_NAME = LaunchImage;
				GCC_PRECOMPILE_PREFIX_HEADER = YES;
				GCC_PREFIX_HEADER = "PAFinal/PAFinal-Prefix.pch";
				INFOPLIST_FILE = "PAFinal/PAFinal-Info.plist";
				PRODUCT_NAME = "$(TARGET_NAME)";
				WRAPPER_EXTENSION = app;
			};
			name = Debug;
		};
		B018726418D128B3002AE502 /* Release */ = {
			isa = XCBuildConfiguration;
			buildSettings = {
				ASSETCATALOG_COMPILER_APPICON_NAME = AppIcon;
				ASSETCATALOG_COMPILER_LAUNCHIMAGE_NAME = LaunchImage;
				GCC_PRECOMPILE_PREFIX_HEADER = YES;
				GCC_PREFIX_HEADER = "PAFinal/PAFinal-Prefix.pch";
				INFOPLIST_FILE = "PAFinal/PAFinal-Info.plist";
				PRODUCT_NAME = "$(TARGET_NAME)";
				WRAPPER_EXTENSION = app;
			};
			name = Release;
		};
		B018726618D128B3002AE502 /* Debug */ = {
			isa = XCBuildConfiguration;
			buildSettings = {
				BUNDLE_LOADER = "$(BUILT_PRODUCTS_DIR)/PAFinal.app/PAFinal";
				FRAMEWORK_SEARCH_PATHS = (
					"$(SDKROOT)/Developer/Library/Frameworks",
					"$(inherited)",
					"$(DEVELOPER_FRAMEWORKS_DIR)",
				);
				GCC_PRECOMPILE_PREFIX_HEADER = YES;
				GCC_PREFIX_HEADER = "PAFinal/PAFinal-Prefix.pch";
				GCC_PREPROCESSOR_DEFINITIONS = (
					"DEBUG=1",
					"$(inherited)",
				);
				INFOPLIST_FILE = "PAFinalTests/PAFinalTests-Info.plist";
				PRODUCT_NAME = "$(TARGET_NAME)";
				TEST_HOST = "$(BUNDLE_LOADER)";
				WRAPPER_EXTENSION = xctest;
			};
			name = Debug;
		};
		B018726718D128B3002AE502 /* Release */ = {
			isa = XCBuildConfiguration;
			buildSettings = {
				BUNDLE_LOADER = "$(BUILT_PRODUCTS_DIR)/PAFinal.app/PAFinal";
				FRAMEWORK_SEARCH_PATHS = (
					"$(SDKROOT)/Developer/Library/Frameworks",
					"$(inherited)",
					"$(DEVELOPER_FRAMEWORKS_DIR)",
				);
				GCC_PRECOMPILE_PREFIX_HEADER = YES;
				GCC_PREFIX_HEADER = "PAFinal/PAFinal-Prefix.pch";
				INFOPLIST_FILE = "PAFinalTests/PAFinalTests-Info.plist";
				PRODUCT_NAME = "$(TARGET_NAME)";
				TEST_HOST = "$(BUNDLE_LOADER)";
				WRAPPER_EXTENSION = xctest;
			};
			name = Release;
		};
/* End XCBuildConfiguration section */

/* Begin XCConfigurationList section */
		B018722818D128B2002AE502 /* Build configuration list for PBXProject "PAFinal" */ = {
			isa = XCConfigurationList;
			buildConfigurations = (
				B018726018D128B3002AE502 /* Debug */,
				B018726118D128B3002AE502 /* Release */,
			);
			defaultConfigurationIsVisible = 0;
			defaultConfigurationName = Release;
		};
		B018726218D128B3002AE502 /* Build configuration list for PBXNativeTarget "PAFinal" */ = {
			isa = XCConfigurationList;
			buildConfigurations = (
				B018726318D128B3002AE502 /* Debug */,
				B018726418D128B3002AE502 /* Release */,
			);
			defaultConfigurationIsVisible = 0;
			defaultConfigurationName = Release;
		};
		B018726518D128B3002AE502 /* Build configuration list for PBXNativeTarget "PAFinalTests" */ = {
			isa = XCConfigurationList;
			buildConfigurations = (
				B018726618D128B3002AE502 /* Debug */,
				B018726718D128B3002AE502 /* Release */,
			);
			defaultConfigurationIsVisible = 0;
			defaultConfigurationName = Release;
		};
/* End XCConfigurationList section */
	};
	rootObject = B018722518D128B2002AE502 /* Project object */;
}
